
Microsoft Visual Studio Solution File, Format Version 12.00
# Visual Studio 15
VisualStudioVersion = 15.0.28010.2041
MinimumVisualStudioVersion = 10.0.40219.1
Project("{8BC9CEB8-8B4A-11D0-8D11-00A0C91BC942}") = "Aula1810_condicionais", "Aula1810_condicionais\Aula1810_condicionais.vcxproj", "{0B926FB2-4D67-468E-ACCD-3760C1D077F9}"
EndProject
Project("{8BC9CEB8-8B4A-11D0-8D11-00A0C91BC942}") = "aula2510_repeticoes", "aula2510\aula2510.vcxproj", "{D247CF72-3A16-4148-BBB1-77C2CC2FB191}"
EndProject
Project("{8BC9CEB8-8B4A-11D0-8D11-00A0C91BC942}") = "Aula copel", "Aula copel\Aula copel.vcxproj", "{AB3717DA-BC53-4D95-BEF7-458202C3968D}"
EndProject
Project("{8BC9CEB8-8B4A-11D0-8D11-00A0C91BC942}") = "Aula0811_ponteiros", "Aula0811_ponteiros\Aula0811_ponteiros.vcxproj", "{90A9DD87-DE6C-4CAB-95F0-9B58C43902F5}"
EndProject
Project("{8BC9CEB8-8B4A-11D0-8D11-00A0C91BC942}") = "prova_atividade 26", "Atividade\Atividade.vcxproj", "{A7E03CC2-581C-47F1-949E-CB5EDB7CF54E}"
EndProject
Project("{8BC9CEB8-8B4A-11D0-8D11-00A0C91BC942}") = "prova_atividade 24", "prova_atividade24\prova_atividade24.vcxproj", "{AE7CE18A-4341-44F7-9CBE-AB52B62A5C78}"
EndProject
Project("{8BC9CEB8-8B4A-11D0-8D11-00A0C91BC942}") = "prova_atividade 25", "prova_atividade25\prova_atividade25.vcxproj", "{25208D09-500B-497B-BBE3-9ACEBA9383E1}"
EndProject
Project("{8BC9CEB8-8B4A-11D0-8D11-00A0C91BC942}") = "prova_atividade 28", "prova_atividade 28\prova_atividade 28.vcxproj", "{3BF421EB-4CAF-4287-B322-031E69AFB5D8}"
EndProject
Project("{8BC9CEB8-8B4A-11D0-8D11-00A0C91BC942}") = "aula_1311", "aula_1311\aula_1311.vcxproj", "{7303DE8B-2CA5-4612-ABCB-BC850EA03B83}"
EndProject
Project("{8BC9CEB8-8B4A-11D0-8D11-00A0C91BC942}") = "aula2011_recursivo", "aula2011_recursivo\aula2011_recursivo.vcxproj", "{DC9FA6BD-975C-41F2-A18C-14F70831BBB0}"
EndProject
Project("{8BC9CEB8-8B4A-11D0-8D11-00A0C91BC942}") = "prova_atividade 2", "prova_atividade 2\prova_atividade 2.vcxproj", "{BEB29A0A-AD74-4ACE-B5FD-D22B8DAC1187}"
EndProject
Project("{8BC9CEB8-8B4A-11D0-8D11-00A0C91BC942}") = "prova_atividade 3", "prova_atividade 3\prova_atividade 3.vcxproj", "{C7D2196D-1615-4D82-AF34-93400393DB82}"
EndProject
Project("{8BC9CEB8-8B4A-11D0-8D11-00A0C91BC942}") = "prova_atividade 4", "prova_atividade 4\prova_atividade 4.vcxproj", "{57CC66E1-F570-443A-A61B-ED5EA7F59180}"
EndProject
Project("{8BC9CEB8-8B4A-11D0-8D11-00A0C91BC942}") = "prova_atividade 5", "prova_atividade5\prova_atividade5.vcxproj", "{31DBBE8F-276D-4399-9943-CE60540C3C95}"
EndProject
Project("{8BC9CEB8-8B4A-11D0-8D11-00A0C91BC942}") = "prova_atividade 6", "prova_atividade 6\prova_atividade 6.vcxproj", "{12ADA98B-2AA0-48AD-AF81-8B062ECB8BDD}"
EndProject
Project("{8BC9CEB8-8B4A-11D0-8D11-00A0C91BC942}") = "prova_atividade 8", "prova_atividade 8\prova_atividade 8.vcxproj", "{06093EC6-75BB-471C-AB4E-265E165A96F7}"
EndProject
Project("{8BC9CEB8-8B4A-11D0-8D11-00A0C91BC942}") = "prova_atividade 1", "prova_atividade 1\prova_atividade 1.vcxproj", "{C5237140-BDF6-4CC9-ABC0-67D5F400B9D5}"
EndProject
Project("{8BC9CEB8-8B4A-11D0-8D11-00A0C91BC942}") = "prova_atividade 7", "prova_atividade 7\prova_atividade 7.vcxproj", "{1E53A812-C7D4-43AC-9B6E-A1F6A13DB90D}"
EndProject
Project("{8BC9CEB8-8B4A-11D0-8D11-00A0C91BC942}") = "prova_atividade 9", "prova_atividade 9\prova_atividade 9.vcxproj", "{17A32513-719F-437F-8036-3BA894B47E1B}"
EndProject
Project("{8BC9CEB8-8B4A-11D0-8D11-00A0C91BC942}") = "prova_atividade 10", "prova_atividade 10\prova_atividade 10.vcxproj", "{8F26BE5A-C290-469A-80C9-023A6614BEA2}"
EndProject
Project("{8BC9CEB8-8B4A-11D0-8D11-00A0C91BC942}") = "prova_atividade 18", "prova_atividade 18\prova_atividade 18.vcxproj", "{87F82DA4-7ADA-41C6-A829-B5EF6972081C}"
EndProject
Project("{8BC9CEB8-8B4A-11D0-8D11-00A0C91BC942}") = "prova_atividade 21", "prova_atividade 21\prova_atividade 21.vcxproj", "{E0ECC5CB-2AFB-4C44-B5EF-C46C38911831}"
EndProject
Project("{8BC9CEB8-8B4A-11D0-8D11-00A0C91BC942}") = "prova_atividade 22", "prova_atividade 22\prova_atividade 22.vcxproj", "{4D98C998-7E1F-4594-8852-618608BA6D75}"
EndProject
Project("{8BC9CEB8-8B4A-11D0-8D11-00A0C91BC942}") = "prova_atividade 23@", "prova_atividade 23@\prova_atividade 23@.vcxproj", "{4BD0C509-846E-4C14-98D8-A4517BD9645A}"
EndProject
Project("{8BC9CEB8-8B4A-11D0-8D11-00A0C91BC942}") = "prova_atividade 27", "prova_atividade 27\prova_atividade 27.vcxproj", "{79CFD835-CC7B-423D-A22A-47DAA7541AC8}"
EndProject
Project("{8BC9CEB8-8B4A-11D0-8D11-00A0C91BC942}") = "prova_atividade 29", "prova_atividade 29\prova_atividade 29.vcxproj", "{6BCACCD8-90A9-4D14-839A-789BD9072D8B}"
EndProject
Project("{8BC9CEB8-8B4A-11D0-8D11-00A0C91BC942}") = "prova_atividade 31", "prova_atividade 31\prova_atividade 31.vcxproj", "{1C0F1753-C1FC-4628-AEA9-6E0AF5C1716C}"
EndProject
Project("{8BC9CEB8-8B4A-11D0-8D11-00A0C91BC942}") = "prova_atividade 32", "prova_atividade 32\prova_atividade 32.vcxproj", "{3368A8B2-0CEB-40B0-A766-25AFA59175D2}"
EndProject
Project("{8BC9CEB8-8B4A-11D0-8D11-00A0C91BC942}") = "prova_atividade 33", "prova_atividade 33\prova_atividade 33.vcxproj", "{029F9C12-F121-40D5-8D51-7E7C34C9440D}"
EndProject
Project("{8BC9CEB8-8B4A-11D0-8D11-00A0C91BC942}") = "prova_atividade 34", "prova_atividade 34\prova_atividade 34.vcxproj", "{F6C1B545-6067-4455-A94A-EA4200FD1B6E}"
EndProject
Project("{8BC9CEB8-8B4A-11D0-8D11-00A0C91BC942}") = "prova_atividade 17", "prova_atividade 17\prova_atividade 17.vcxproj", "{BE808CA1-D30B-4985-9ECE-BB404B0CE045}"
EndProject
Project("{8BC9CEB8-8B4A-11D0-8D11-00A0C91BC942}") = "prova_atividade 40", "prova_atividade 40\prova_atividade 40.vcxproj", "{E2EF9F84-48B9-4B2B-AF49-5950C63B44E1}"
EndProject
Project("{8BC9CEB8-8B4A-11D0-8D11-00A0C91BC942}") = "prova_atividade 11", "prova_atividade 11\prova_atividade 11.vcxproj", "{14B6FED2-A718-42B4-BFCB-DA7FC4D25937}"
EndProject
Project("{8BC9CEB8-8B4A-11D0-8D11-00A0C91BC942}") = "prova_atividade 12", "prova_atividade 12\prova_atividade 12.vcxproj", "{D9C39096-4AF4-4201-AF92-D2109C495635}"
EndProject
Project("{8BC9CEB8-8B4A-11D0-8D11-00A0C91BC942}") = "prova_atividade 13", "prova_atividade 13\prova_atividade 13.vcxproj", "{6EAA3F9C-A413-4C9F-8412-1C0067C5AF13}"
EndProject
Project("{8BC9CEB8-8B4A-11D0-8D11-00A0C91BC942}") = "prova_atividade 14", "prova_atividade 14\prova_atividade 14.vcxproj", "{EBA2DC6F-9B68-4580-B1BA-42D3CA4F8113}"
EndProject
Project("{8BC9CEB8-8B4A-11D0-8D11-00A0C91BC942}") = "prova_atividade 15", "prova_atividade 15\prova_atividade 15.vcxproj", "{CFCE3B9E-FB65-4457-A542-406C76E5F388}"
EndProject
Project("{8BC9CEB8-8B4A-11D0-8D11-00A0C91BC942}") = "prova_atividade 30", "prova_atividade 30\prova_atividade 30.vcxproj", "{2BFBF562-ECCA-4930-95B1-10E9B75F4333}"
EndProject
Project("{8BC9CEB8-8B4A-11D0-8D11-00A0C91BC942}") = "prova_atividade 35@", "prova_atividade 35@\prova_atividade 35@.vcxproj", "{E6AA8F6A-C6DE-46E7-8C64-917366AC08F9}"
EndProject
Project("{8BC9CEB8-8B4A-11D0-8D11-00A0C91BC942}") = "prova_atividade 36", "prova_atividade 36\prova_atividade 36.vcxproj", "{FE9B0FCB-4E08-443F-A254-F0C64D7D396D}"
EndProject
Project("{8BC9CEB8-8B4A-11D0-8D11-00A0C91BC942}") = "prova_atividade 39", "prova_atividade 39\prova_atividade 39.vcxproj", "{06E292FB-7B15-43D6-B3FE-8021F236AC0F}"
EndProject
Global
	GlobalSection(SolutionConfigurationPlatforms) = preSolution
		Debug|x64 = Debug|x64
		Debug|x86 = Debug|x86
		Release|x64 = Release|x64
		Release|x86 = Release|x86
	EndGlobalSection
	GlobalSection(ProjectConfigurationPlatforms) = postSolution
		{0B926FB2-4D67-468E-ACCD-3760C1D077F9}.Debug|x64.ActiveCfg = Debug|x64
		{0B926FB2-4D67-468E-ACCD-3760C1D077F9}.Debug|x64.Build.0 = Debug|x64
		{0B926FB2-4D67-468E-ACCD-3760C1D077F9}.Debug|x86.ActiveCfg = Debug|Win32
		{0B926FB2-4D67-468E-ACCD-3760C1D077F9}.Debug|x86.Build.0 = Debug|Win32
		{0B926FB2-4D67-468E-ACCD-3760C1D077F9}.Release|x64.ActiveCfg = Release|x64
		{0B926FB2-4D67-468E-ACCD-3760C1D077F9}.Release|x64.Build.0 = Release|x64
		{0B926FB2-4D67-468E-ACCD-3760C1D077F9}.Release|x86.ActiveCfg = Release|Win32
		{0B926FB2-4D67-468E-ACCD-3760C1D077F9}.Release|x86.Build.0 = Release|Win32
		{D247CF72-3A16-4148-BBB1-77C2CC2FB191}.Debug|x64.ActiveCfg = Debug|x64
		{D247CF72-3A16-4148-BBB1-77C2CC2FB191}.Debug|x64.Build.0 = Debug|x64
		{D247CF72-3A16-4148-BBB1-77C2CC2FB191}.Debug|x86.ActiveCfg = Debug|Win32
		{D247CF72-3A16-4148-BBB1-77C2CC2FB191}.Debug|x86.Build.0 = Debug|Win32
		{D247CF72-3A16-4148-BBB1-77C2CC2FB191}.Release|x64.ActiveCfg = Release|x64
		{D247CF72-3A16-4148-BBB1-77C2CC2FB191}.Release|x64.Build.0 = Release|x64
		{D247CF72-3A16-4148-BBB1-77C2CC2FB191}.Release|x86.ActiveCfg = Release|Win32
		{D247CF72-3A16-4148-BBB1-77C2CC2FB191}.Release|x86.Build.0 = Release|Win32
		{AB3717DA-BC53-4D95-BEF7-458202C3968D}.Debug|x64.ActiveCfg = Debug|x64
		{AB3717DA-BC53-4D95-BEF7-458202C3968D}.Debug|x64.Build.0 = Debug|x64
		{AB3717DA-BC53-4D95-BEF7-458202C3968D}.Debug|x86.ActiveCfg = Debug|Win32
		{AB3717DA-BC53-4D95-BEF7-458202C3968D}.Debug|x86.Build.0 = Debug|Win32
		{AB3717DA-BC53-4D95-BEF7-458202C3968D}.Release|x64.ActiveCfg = Release|x64
		{AB3717DA-BC53-4D95-BEF7-458202C3968D}.Release|x64.Build.0 = Release|x64
		{AB3717DA-BC53-4D95-BEF7-458202C3968D}.Release|x86.ActiveCfg = Release|Win32
		{AB3717DA-BC53-4D95-BEF7-458202C3968D}.Release|x86.Build.0 = Release|Win32
		{90A9DD87-DE6C-4CAB-95F0-9B58C43902F5}.Debug|x64.ActiveCfg = Debug|x64
		{90A9DD87-DE6C-4CAB-95F0-9B58C43902F5}.Debug|x64.Build.0 = Debug|x64
		{90A9DD87-DE6C-4CAB-95F0-9B58C43902F5}.Debug|x86.ActiveCfg = Debug|Win32
		{90A9DD87-DE6C-4CAB-95F0-9B58C43902F5}.Debug|x86.Build.0 = Debug|Win32
		{90A9DD87-DE6C-4CAB-95F0-9B58C43902F5}.Release|x64.ActiveCfg = Release|x64
		{90A9DD87-DE6C-4CAB-95F0-9B58C43902F5}.Release|x64.Build.0 = Release|x64
		{90A9DD87-DE6C-4CAB-95F0-9B58C43902F5}.Release|x86.ActiveCfg = Release|Win32
		{90A9DD87-DE6C-4CAB-95F0-9B58C43902F5}.Release|x86.Build.0 = Release|Win32
		{A7E03CC2-581C-47F1-949E-CB5EDB7CF54E}.Debug|x64.ActiveCfg = Debug|x64
		{A7E03CC2-581C-47F1-949E-CB5EDB7CF54E}.Debug|x64.Build.0 = Debug|x64
		{A7E03CC2-581C-47F1-949E-CB5EDB7CF54E}.Debug|x86.ActiveCfg = Debug|Win32
		{A7E03CC2-581C-47F1-949E-CB5EDB7CF54E}.Debug|x86.Build.0 = Debug|Win32
		{A7E03CC2-581C-47F1-949E-CB5EDB7CF54E}.Release|x64.ActiveCfg = Release|x64
		{A7E03CC2-581C-47F1-949E-CB5EDB7CF54E}.Release|x64.Build.0 = Release|x64
		{A7E03CC2-581C-47F1-949E-CB5EDB7CF54E}.Release|x86.ActiveCfg = Release|Win32
		{A7E03CC2-581C-47F1-949E-CB5EDB7CF54E}.Release|x86.Build.0 = Release|Win32
		{AE7CE18A-4341-44F7-9CBE-AB52B62A5C78}.Debug|x64.ActiveCfg = Debug|x64
		{AE7CE18A-4341-44F7-9CBE-AB52B62A5C78}.Debug|x64.Build.0 = Debug|x64
		{AE7CE18A-4341-44F7-9CBE-AB52B62A5C78}.Debug|x86.ActiveCfg = Debug|Win32
		{AE7CE18A-4341-44F7-9CBE-AB52B62A5C78}.Debug|x86.Build.0 = Debug|Win32
		{AE7CE18A-4341-44F7-9CBE-AB52B62A5C78}.Release|x64.ActiveCfg = Release|x64
		{AE7CE18A-4341-44F7-9CBE-AB52B62A5C78}.Release|x64.Build.0 = Release|x64
		{AE7CE18A-4341-44F7-9CBE-AB52B62A5C78}.Release|x86.ActiveCfg = Release|Win32
		{AE7CE18A-4341-44F7-9CBE-AB52B62A5C78}.Release|x86.Build.0 = Release|Win32
		{25208D09-500B-497B-BBE3-9ACEBA9383E1}.Debug|x64.ActiveCfg = Debug|x64
		{25208D09-500B-497B-BBE3-9ACEBA9383E1}.Debug|x64.Build.0 = Debug|x64
		{25208D09-500B-497B-BBE3-9ACEBA9383E1}.Debug|x86.ActiveCfg = Debug|Win32
		{25208D09-500B-497B-BBE3-9ACEBA9383E1}.Debug|x86.Build.0 = Debug|Win32
		{25208D09-500B-497B-BBE3-9ACEBA9383E1}.Release|x64.ActiveCfg = Release|x64
		{25208D09-500B-497B-BBE3-9ACEBA9383E1}.Release|x64.Build.0 = Release|x64
		{25208D09-500B-497B-BBE3-9ACEBA9383E1}.Release|x86.ActiveCfg = Release|Win32
		{25208D09-500B-497B-BBE3-9ACEBA9383E1}.Release|x86.Build.0 = Release|Win32
		{3BF421EB-4CAF-4287-B322-031E69AFB5D8}.Debug|x64.ActiveCfg = Debug|x64
		{3BF421EB-4CAF-4287-B322-031E69AFB5D8}.Debug|x64.Build.0 = Debug|x64
		{3BF421EB-4CAF-4287-B322-031E69AFB5D8}.Debug|x86.ActiveCfg = Debug|Win32
		{3BF421EB-4CAF-4287-B322-031E69AFB5D8}.Debug|x86.Build.0 = Debug|Win32
		{3BF421EB-4CAF-4287-B322-031E69AFB5D8}.Release|x64.ActiveCfg = Release|x64
		{3BF421EB-4CAF-4287-B322-031E69AFB5D8}.Release|x64.Build.0 = Release|x64
		{3BF421EB-4CAF-4287-B322-031E69AFB5D8}.Release|x86.ActiveCfg = Release|Win32
		{3BF421EB-4CAF-4287-B322-031E69AFB5D8}.Release|x86.Build.0 = Release|Win32
		{7303DE8B-2CA5-4612-ABCB-BC850EA03B83}.Debug|x64.ActiveCfg = Debug|x64
		{7303DE8B-2CA5-4612-ABCB-BC850EA03B83}.Debug|x64.Build.0 = Debug|x64
		{7303DE8B-2CA5-4612-ABCB-BC850EA03B83}.Debug|x86.ActiveCfg = Debug|Win32
		{7303DE8B-2CA5-4612-ABCB-BC850EA03B83}.Debug|x86.Build.0 = Debug|Win32
		{7303DE8B-2CA5-4612-ABCB-BC850EA03B83}.Release|x64.ActiveCfg = Release|x64
		{7303DE8B-2CA5-4612-ABCB-BC850EA03B83}.Release|x64.Build.0 = Release|x64
		{7303DE8B-2CA5-4612-ABCB-BC850EA03B83}.Release|x86.ActiveCfg = Release|Win32
		{7303DE8B-2CA5-4612-ABCB-BC850EA03B83}.Release|x86.Build.0 = Release|Win32
		{DC9FA6BD-975C-41F2-A18C-14F70831BBB0}.Debug|x64.ActiveCfg = Debug|x64
		{DC9FA6BD-975C-41F2-A18C-14F70831BBB0}.Debug|x64.Build.0 = Debug|x64
		{DC9FA6BD-975C-41F2-A18C-14F70831BBB0}.Debug|x86.ActiveCfg = Debug|Win32
		{DC9FA6BD-975C-41F2-A18C-14F70831BBB0}.Debug|x86.Build.0 = Debug|Win32
		{DC9FA6BD-975C-41F2-A18C-14F70831BBB0}.Release|x64.ActiveCfg = Release|x64
		{DC9FA6BD-975C-41F2-A18C-14F70831BBB0}.Release|x64.Build.0 = Release|x64
		{DC9FA6BD-975C-41F2-A18C-14F70831BBB0}.Release|x86.ActiveCfg = Release|Win32
		{DC9FA6BD-975C-41F2-A18C-14F70831BBB0}.Release|x86.Build.0 = Release|Win32
		{BEB29A0A-AD74-4ACE-B5FD-D22B8DAC1187}.Debug|x64.ActiveCfg = Debug|x64
		{BEB29A0A-AD74-4ACE-B5FD-D22B8DAC1187}.Debug|x64.Build.0 = Debug|x64
		{BEB29A0A-AD74-4ACE-B5FD-D22B8DAC1187}.Debug|x86.ActiveCfg = Debug|Win32
		{BEB29A0A-AD74-4ACE-B5FD-D22B8DAC1187}.Debug|x86.Build.0 = Debug|Win32
		{BEB29A0A-AD74-4ACE-B5FD-D22B8DAC1187}.Release|x64.ActiveCfg = Release|x64
		{BEB29A0A-AD74-4ACE-B5FD-D22B8DAC1187}.Release|x64.Build.0 = Release|x64
		{BEB29A0A-AD74-4ACE-B5FD-D22B8DAC1187}.Release|x86.ActiveCfg = Release|Win32
		{BEB29A0A-AD74-4ACE-B5FD-D22B8DAC1187}.Release|x86.Build.0 = Release|Win32
		{C7D2196D-1615-4D82-AF34-93400393DB82}.Debug|x64.ActiveCfg = Debug|x64
		{C7D2196D-1615-4D82-AF34-93400393DB82}.Debug|x64.Build.0 = Debug|x64
		{C7D2196D-1615-4D82-AF34-93400393DB82}.Debug|x86.ActiveCfg = Debug|Win32
		{C7D2196D-1615-4D82-AF34-93400393DB82}.Debug|x86.Build.0 = Debug|Win32
		{C7D2196D-1615-4D82-AF34-93400393DB82}.Release|x64.ActiveCfg = Release|x64
		{C7D2196D-1615-4D82-AF34-93400393DB82}.Release|x64.Build.0 = Release|x64
		{C7D2196D-1615-4D82-AF34-93400393DB82}.Release|x86.ActiveCfg = Release|Win32
		{C7D2196D-1615-4D82-AF34-93400393DB82}.Release|x86.Build.0 = Release|Win32
		{57CC66E1-F570-443A-A61B-ED5EA7F59180}.Debug|x64.ActiveCfg = Debug|x64
		{57CC66E1-F570-443A-A61B-ED5EA7F59180}.Debug|x64.Build.0 = Debug|x64
		{57CC66E1-F570-443A-A61B-ED5EA7F59180}.Debug|x86.ActiveCfg = Debug|Win32
		{57CC66E1-F570-443A-A61B-ED5EA7F59180}.Debug|x86.Build.0 = Debug|Win32
		{57CC66E1-F570-443A-A61B-ED5EA7F59180}.Release|x64.ActiveCfg = Release|x64
		{57CC66E1-F570-443A-A61B-ED5EA7F59180}.Release|x64.Build.0 = Release|x64
		{57CC66E1-F570-443A-A61B-ED5EA7F59180}.Release|x86.ActiveCfg = Release|Win32
		{57CC66E1-F570-443A-A61B-ED5EA7F59180}.Release|x86.Build.0 = Release|Win32
		{31DBBE8F-276D-4399-9943-CE60540C3C95}.Debug|x64.ActiveCfg = Debug|x64
		{31DBBE8F-276D-4399-9943-CE60540C3C95}.Debug|x64.Build.0 = Debug|x64
		{31DBBE8F-276D-4399-9943-CE60540C3C95}.Debug|x86.ActiveCfg = Debug|Win32
		{31DBBE8F-276D-4399-9943-CE60540C3C95}.Debug|x86.Build.0 = Debug|Win32
		{31DBBE8F-276D-4399-9943-CE60540C3C95}.Release|x64.ActiveCfg = Release|x64
		{31DBBE8F-276D-4399-9943-CE60540C3C95}.Release|x64.Build.0 = Release|x64
		{31DBBE8F-276D-4399-9943-CE60540C3C95}.Release|x86.ActiveCfg = Release|Win32
		{31DBBE8F-276D-4399-9943-CE60540C3C95}.Release|x86.Build.0 = Release|Win32
		{12ADA98B-2AA0-48AD-AF81-8B062ECB8BDD}.Debug|x64.ActiveCfg = Debug|x64
		{12ADA98B-2AA0-48AD-AF81-8B062ECB8BDD}.Debug|x64.Build.0 = Debug|x64
		{12ADA98B-2AA0-48AD-AF81-8B062ECB8BDD}.Debug|x86.ActiveCfg = Debug|Win32
		{12ADA98B-2AA0-48AD-AF81-8B062ECB8BDD}.Debug|x86.Build.0 = Debug|Win32
		{12ADA98B-2AA0-48AD-AF81-8B062ECB8BDD}.Release|x64.ActiveCfg = Release|x64
		{12ADA98B-2AA0-48AD-AF81-8B062ECB8BDD}.Release|x64.Build.0 = Release|x64
		{12ADA98B-2AA0-48AD-AF81-8B062ECB8BDD}.Release|x86.ActiveCfg = Release|Win32
		{12ADA98B-2AA0-48AD-AF81-8B062ECB8BDD}.Release|x86.Build.0 = Release|Win32
		{06093EC6-75BB-471C-AB4E-265E165A96F7}.Debug|x64.ActiveCfg = Debug|x64
		{06093EC6-75BB-471C-AB4E-265E165A96F7}.Debug|x64.Build.0 = Debug|x64
		{06093EC6-75BB-471C-AB4E-265E165A96F7}.Debug|x86.ActiveCfg = Debug|Win32
		{06093EC6-75BB-471C-AB4E-265E165A96F7}.Debug|x86.Build.0 = Debug|Win32
		{06093EC6-75BB-471C-AB4E-265E165A96F7}.Release|x64.ActiveCfg = Release|x64
		{06093EC6-75BB-471C-AB4E-265E165A96F7}.Release|x64.Build.0 = Release|x64
		{06093EC6-75BB-471C-AB4E-265E165A96F7}.Release|x86.ActiveCfg = Release|Win32
		{06093EC6-75BB-471C-AB4E-265E165A96F7}.Release|x86.Build.0 = Release|Win32
		{C5237140-BDF6-4CC9-ABC0-67D5F400B9D5}.Debug|x64.ActiveCfg = Debug|x64
		{C5237140-BDF6-4CC9-ABC0-67D5F400B9D5}.Debug|x64.Build.0 = Debug|x64
		{C5237140-BDF6-4CC9-ABC0-67D5F400B9D5}.Debug|x86.ActiveCfg = Debug|Win32
		{C5237140-BDF6-4CC9-ABC0-67D5F400B9D5}.Debug|x86.Build.0 = Debug|Win32
		{C5237140-BDF6-4CC9-ABC0-67D5F400B9D5}.Release|x64.ActiveCfg = Release|x64
		{C5237140-BDF6-4CC9-ABC0-67D5F400B9D5}.Release|x64.Build.0 = Release|x64
		{C5237140-BDF6-4CC9-ABC0-67D5F400B9D5}.Release|x86.ActiveCfg = Release|Win32
		{C5237140-BDF6-4CC9-ABC0-67D5F400B9D5}.Release|x86.Build.0 = Release|Win32
		{1E53A812-C7D4-43AC-9B6E-A1F6A13DB90D}.Debug|x64.ActiveCfg = Debug|x64
		{1E53A812-C7D4-43AC-9B6E-A1F6A13DB90D}.Debug|x64.Build.0 = Debug|x64
		{1E53A812-C7D4-43AC-9B6E-A1F6A13DB90D}.Debug|x86.ActiveCfg = Debug|Win32
		{1E53A812-C7D4-43AC-9B6E-A1F6A13DB90D}.Debug|x86.Build.0 = Debug|Win32
		{1E53A812-C7D4-43AC-9B6E-A1F6A13DB90D}.Release|x64.ActiveCfg = Release|x64
		{1E53A812-C7D4-43AC-9B6E-A1F6A13DB90D}.Release|x64.Build.0 = Release|x64
		{1E53A812-C7D4-43AC-9B6E-A1F6A13DB90D}.Release|x86.ActiveCfg = Release|Win32
		{1E53A812-C7D4-43AC-9B6E-A1F6A13DB90D}.Release|x86.Build.0 = Release|Win32
		{17A32513-719F-437F-8036-3BA894B47E1B}.Debug|x64.ActiveCfg = Debug|x64
		{17A32513-719F-437F-8036-3BA894B47E1B}.Debug|x64.Build.0 = Debug|x64
		{17A32513-719F-437F-8036-3BA894B47E1B}.Debug|x86.ActiveCfg = Debug|Win32
		{17A32513-719F-437F-8036-3BA894B47E1B}.Debug|x86.Build.0 = Debug|Win32
		{17A32513-719F-437F-8036-3BA894B47E1B}.Release|x64.ActiveCfg = Release|x64
		{17A32513-719F-437F-8036-3BA894B47E1B}.Release|x64.Build.0 = Release|x64
		{17A32513-719F-437F-8036-3BA894B47E1B}.Release|x86.ActiveCfg = Release|Win32
		{17A32513-719F-437F-8036-3BA894B47E1B}.Release|x86.Build.0 = Release|Win32
		{8F26BE5A-C290-469A-80C9-023A6614BEA2}.Debug|x64.ActiveCfg = Debug|x64
		{8F26BE5A-C290-469A-80C9-023A6614BEA2}.Debug|x64.Build.0 = Debug|x64
		{8F26BE5A-C290-469A-80C9-023A6614BEA2}.Debug|x86.ActiveCfg = Debug|Win32
		{8F26BE5A-C290-469A-80C9-023A6614BEA2}.Debug|x86.Build.0 = Debug|Win32
		{8F26BE5A-C290-469A-80C9-023A6614BEA2}.Release|x64.ActiveCfg = Release|x64
		{8F26BE5A-C290-469A-80C9-023A6614BEA2}.Release|x64.Build.0 = Release|x64
		{8F26BE5A-C290-469A-80C9-023A6614BEA2}.Release|x86.ActiveCfg = Release|Win32
		{8F26BE5A-C290-469A-80C9-023A6614BEA2}.Release|x86.Build.0 = Release|Win32
		{87F82DA4-7ADA-41C6-A829-B5EF6972081C}.Debug|x64.ActiveCfg = Debug|x64
		{87F82DA4-7ADA-41C6-A829-B5EF6972081C}.Debug|x64.Build.0 = Debug|x64
		{87F82DA4-7ADA-41C6-A829-B5EF6972081C}.Debug|x86.ActiveCfg = Debug|Win32
		{87F82DA4-7ADA-41C6-A829-B5EF6972081C}.Debug|x86.Build.0 = Debug|Win32
		{87F82DA4-7ADA-41C6-A829-B5EF6972081C}.Release|x64.ActiveCfg = Release|x64
		{87F82DA4-7ADA-41C6-A829-B5EF6972081C}.Release|x64.Build.0 = Release|x64
		{87F82DA4-7ADA-41C6-A829-B5EF6972081C}.Release|x86.ActiveCfg = Release|Win32
		{87F82DA4-7ADA-41C6-A829-B5EF6972081C}.Release|x86.Build.0 = Release|Win32
		{E0ECC5CB-2AFB-4C44-B5EF-C46C38911831}.Debug|x64.ActiveCfg = Debug|x64
		{E0ECC5CB-2AFB-4C44-B5EF-C46C38911831}.Debug|x64.Build.0 = Debug|x64
		{E0ECC5CB-2AFB-4C44-B5EF-C46C38911831}.Debug|x86.ActiveCfg = Debug|Win32
		{E0ECC5CB-2AFB-4C44-B5EF-C46C38911831}.Debug|x86.Build.0 = Debug|Win32
		{E0ECC5CB-2AFB-4C44-B5EF-C46C38911831}.Release|x64.ActiveCfg = Release|x64
		{E0ECC5CB-2AFB-4C44-B5EF-C46C38911831}.Release|x64.Build.0 = Release|x64
		{E0ECC5CB-2AFB-4C44-B5EF-C46C38911831}.Release|x86.ActiveCfg = Release|Win32
		{E0ECC5CB-2AFB-4C44-B5EF-C46C38911831}.Release|x86.Build.0 = Release|Win32
		{4D98C998-7E1F-4594-8852-618608BA6D75}.Debug|x64.ActiveCfg = Debug|x64
		{4D98C998-7E1F-4594-8852-618608BA6D75}.Debug|x64.Build.0 = Debug|x64
		{4D98C998-7E1F-4594-8852-618608BA6D75}.Debug|x86.ActiveCfg = Debug|Win32
		{4D98C998-7E1F-4594-8852-618608BA6D75}.Debug|x86.Build.0 = Debug|Win32
		{4D98C998-7E1F-4594-8852-618608BA6D75}.Release|x64.ActiveCfg = Release|x64
		{4D98C998-7E1F-4594-8852-618608BA6D75}.Release|x64.Build.0 = Release|x64
		{4D98C998-7E1F-4594-8852-618608BA6D75}.Release|x86.ActiveCfg = Release|Win32
		{4D98C998-7E1F-4594-8852-618608BA6D75}.Release|x86.Build.0 = Release|Win32
		{4BD0C509-846E-4C14-98D8-A4517BD9645A}.Debug|x64.ActiveCfg = Debug|x64
		{4BD0C509-846E-4C14-98D8-A4517BD9645A}.Debug|x64.Build.0 = Debug|x64
		{4BD0C509-846E-4C14-98D8-A4517BD9645A}.Debug|x86.ActiveCfg = Debug|Win32
		{4BD0C509-846E-4C14-98D8-A4517BD9645A}.Debug|x86.Build.0 = Debug|Win32
		{4BD0C509-846E-4C14-98D8-A4517BD9645A}.Release|x64.ActiveCfg = Release|x64
		{4BD0C509-846E-4C14-98D8-A4517BD9645A}.Release|x64.Build.0 = Release|x64
		{4BD0C509-846E-4C14-98D8-A4517BD9645A}.Release|x86.ActiveCfg = Release|Win32
		{4BD0C509-846E-4C14-98D8-A4517BD9645A}.Release|x86.Build.0 = Release|Win32
		{79CFD835-CC7B-423D-A22A-47DAA7541AC8}.Debug|x64.ActiveCfg = Debug|x64
		{79CFD835-CC7B-423D-A22A-47DAA7541AC8}.Debug|x64.Build.0 = Debug|x64
		{79CFD835-CC7B-423D-A22A-47DAA7541AC8}.Debug|x86.ActiveCfg = Debug|Win32
		{79CFD835-CC7B-423D-A22A-47DAA7541AC8}.Debug|x86.Build.0 = Debug|Win32
		{79CFD835-CC7B-423D-A22A-47DAA7541AC8}.Release|x64.ActiveCfg = Release|x64
		{79CFD835-CC7B-423D-A22A-47DAA7541AC8}.Release|x64.Build.0 = Release|x64
		{79CFD835-CC7B-423D-A22A-47DAA7541AC8}.Release|x86.ActiveCfg = Release|Win32
		{79CFD835-CC7B-423D-A22A-47DAA7541AC8}.Release|x86.Build.0 = Release|Win32
		{6BCACCD8-90A9-4D14-839A-789BD9072D8B}.Debug|x64.ActiveCfg = Debug|x64
		{6BCACCD8-90A9-4D14-839A-789BD9072D8B}.Debug|x64.Build.0 = Debug|x64
		{6BCACCD8-90A9-4D14-839A-789BD9072D8B}.Debug|x86.ActiveCfg = Debug|Win32
		{6BCACCD8-90A9-4D14-839A-789BD9072D8B}.Debug|x86.Build.0 = Debug|Win32
		{6BCACCD8-90A9-4D14-839A-789BD9072D8B}.Release|x64.ActiveCfg = Release|x64
		{6BCACCD8-90A9-4D14-839A-789BD9072D8B}.Release|x64.Build.0 = Release|x64
		{6BCACCD8-90A9-4D14-839A-789BD9072D8B}.Release|x86.ActiveCfg = Release|Win32
		{6BCACCD8-90A9-4D14-839A-789BD9072D8B}.Release|x86.Build.0 = Release|Win32
		{1C0F1753-C1FC-4628-AEA9-6E0AF5C1716C}.Debug|x64.ActiveCfg = Debug|x64
		{1C0F1753-C1FC-4628-AEA9-6E0AF5C1716C}.Debug|x64.Build.0 = Debug|x64
		{1C0F1753-C1FC-4628-AEA9-6E0AF5C1716C}.Debug|x86.ActiveCfg = Debug|Win32
		{1C0F1753-C1FC-4628-AEA9-6E0AF5C1716C}.Debug|x86.Build.0 = Debug|Win32
		{1C0F1753-C1FC-4628-AEA9-6E0AF5C1716C}.Release|x64.ActiveCfg = Release|x64
		{1C0F1753-C1FC-4628-AEA9-6E0AF5C1716C}.Release|x64.Build.0 = Release|x64
		{1C0F1753-C1FC-4628-AEA9-6E0AF5C1716C}.Release|x86.ActiveCfg = Release|Win32
		{1C0F1753-C1FC-4628-AEA9-6E0AF5C1716C}.Release|x86.Build.0 = Release|Win32
		{3368A8B2-0CEB-40B0-A766-25AFA59175D2}.Debug|x64.ActiveCfg = Debug|x64
		{3368A8B2-0CEB-40B0-A766-25AFA59175D2}.Debug|x64.Build.0 = Debug|x64
		{3368A8B2-0CEB-40B0-A766-25AFA59175D2}.Debug|x86.ActiveCfg = Debug|Win32
		{3368A8B2-0CEB-40B0-A766-25AFA59175D2}.Debug|x86.Build.0 = Debug|Win32
		{3368A8B2-0CEB-40B0-A766-25AFA59175D2}.Release|x64.ActiveCfg = Release|x64
		{3368A8B2-0CEB-40B0-A766-25AFA59175D2}.Release|x64.Build.0 = Release|x64
		{3368A8B2-0CEB-40B0-A766-25AFA59175D2}.Release|x86.ActiveCfg = Release|Win32
		{3368A8B2-0CEB-40B0-A766-25AFA59175D2}.Release|x86.Build.0 = Release|Win32
		{029F9C12-F121-40D5-8D51-7E7C34C9440D}.Debug|x64.ActiveCfg = Debug|x64
		{029F9C12-F121-40D5-8D51-7E7C34C9440D}.Debug|x64.Build.0 = Debug|x64
		{029F9C12-F121-40D5-8D51-7E7C34C9440D}.Debug|x86.ActiveCfg = Debug|Win32
		{029F9C12-F121-40D5-8D51-7E7C34C9440D}.Debug|x86.Build.0 = Debug|Win32
		{029F9C12-F121-40D5-8D51-7E7C34C9440D}.Release|x64.ActiveCfg = Release|x64
		{029F9C12-F121-40D5-8D51-7E7C34C9440D}.Release|x64.Build.0 = Release|x64
		{029F9C12-F121-40D5-8D51-7E7C34C9440D}.Release|x86.ActiveCfg = Release|Win32
		{029F9C12-F121-40D5-8D51-7E7C34C9440D}.Release|x86.Build.0 = Release|Win32
		{F6C1B545-6067-4455-A94A-EA4200FD1B6E}.Debug|x64.ActiveCfg = Debug|x64
		{F6C1B545-6067-4455-A94A-EA4200FD1B6E}.Debug|x64.Build.0 = Debug|x64
		{F6C1B545-6067-4455-A94A-EA4200FD1B6E}.Debug|x86.ActiveCfg = Debug|Win32
		{F6C1B545-6067-4455-A94A-EA4200FD1B6E}.Debug|x86.Build.0 = Debug|Win32
		{F6C1B545-6067-4455-A94A-EA4200FD1B6E}.Release|x64.ActiveCfg = Release|x64
		{F6C1B545-6067-4455-A94A-EA4200FD1B6E}.Release|x64.Build.0 = Release|x64
		{F6C1B545-6067-4455-A94A-EA4200FD1B6E}.Release|x86.ActiveCfg = Release|Win32
		{F6C1B545-6067-4455-A94A-EA4200FD1B6E}.Release|x86.Build.0 = Release|Win32
		{BE808CA1-D30B-4985-9ECE-BB404B0CE045}.Debug|x64.ActiveCfg = Debug|x64
		{BE808CA1-D30B-4985-9ECE-BB404B0CE045}.Debug|x64.Build.0 = Debug|x64
		{BE808CA1-D30B-4985-9ECE-BB404B0CE045}.Debug|x86.ActiveCfg = Debug|Win32
		{BE808CA1-D30B-4985-9ECE-BB404B0CE045}.Debug|x86.Build.0 = Debug|Win32
		{BE808CA1-D30B-4985-9ECE-BB404B0CE045}.Release|x64.ActiveCfg = Release|x64
		{BE808CA1-D30B-4985-9ECE-BB404B0CE045}.Release|x64.Build.0 = Release|x64
		{BE808CA1-D30B-4985-9ECE-BB404B0CE045}.Release|x86.ActiveCfg = Release|Win32
		{BE808CA1-D30B-4985-9ECE-BB404B0CE045}.Release|x86.Build.0 = Release|Win32
		{E2EF9F84-48B9-4B2B-AF49-5950C63B44E1}.Debug|x64.ActiveCfg = Debug|x64
		{E2EF9F84-48B9-4B2B-AF49-5950C63B44E1}.Debug|x64.Build.0 = Debug|x64
		{E2EF9F84-48B9-4B2B-AF49-5950C63B44E1}.Debug|x86.ActiveCfg = Debug|Win32
		{E2EF9F84-48B9-4B2B-AF49-5950C63B44E1}.Debug|x86.Build.0 = Debug|Win32
		{E2EF9F84-48B9-4B2B-AF49-5950C63B44E1}.Release|x64.ActiveCfg = Release|x64
		{E2EF9F84-48B9-4B2B-AF49-5950C63B44E1}.Release|x64.Build.0 = Release|x64
		{E2EF9F84-48B9-4B2B-AF49-5950C63B44E1}.Release|x86.ActiveCfg = Release|Win32
		{E2EF9F84-48B9-4B2B-AF49-5950C63B44E1}.Release|x86.Build.0 = Release|Win32
		{14B6FED2-A718-42B4-BFCB-DA7FC4D25937}.Debug|x64.ActiveCfg = Debug|x64
		{14B6FED2-A718-42B4-BFCB-DA7FC4D25937}.Debug|x64.Build.0 = Debug|x64
		{14B6FED2-A718-42B4-BFCB-DA7FC4D25937}.Debug|x86.ActiveCfg = Debug|Win32
		{14B6FED2-A718-42B4-BFCB-DA7FC4D25937}.Debug|x86.Build.0 = Debug|Win32
		{14B6FED2-A718-42B4-BFCB-DA7FC4D25937}.Release|x64.ActiveCfg = Release|x64
		{14B6FED2-A718-42B4-BFCB-DA7FC4D25937}.Release|x64.Build.0 = Release|x64
		{14B6FED2-A718-42B4-BFCB-DA7FC4D25937}.Release|x86.ActiveCfg = Release|Win32
		{14B6FED2-A718-42B4-BFCB-DA7FC4D25937}.Release|x86.Build.0 = Release|Win32
		{D9C39096-4AF4-4201-AF92-D2109C495635}.Debug|x64.ActiveCfg = Debug|x64
		{D9C39096-4AF4-4201-AF92-D2109C495635}.Debug|x64.Build.0 = Debug|x64
		{D9C39096-4AF4-4201-AF92-D2109C495635}.Debug|x86.ActiveCfg = Debug|Win32
		{D9C39096-4AF4-4201-AF92-D2109C495635}.Debug|x86.Build.0 = Debug|Win32
		{D9C39096-4AF4-4201-AF92-D2109C495635}.Release|x64.ActiveCfg = Release|x64
		{D9C39096-4AF4-4201-AF92-D2109C495635}.Release|x64.Build.0 = Release|x64
		{D9C39096-4AF4-4201-AF92-D2109C495635}.Release|x86.ActiveCfg = Release|Win32
		{D9C39096-4AF4-4201-AF92-D2109C495635}.Release|x86.Build.0 = Release|Win32
		{6EAA3F9C-A413-4C9F-8412-1C0067C5AF13}.Debug|x64.ActiveCfg = Debug|x64
		{6EAA3F9C-A413-4C9F-8412-1C0067C5AF13}.Debug|x64.Build.0 = Debug|x64
		{6EAA3F9C-A413-4C9F-8412-1C0067C5AF13}.Debug|x86.ActiveCfg = Debug|Win32
		{6EAA3F9C-A413-4C9F-8412-1C0067C5AF13}.Debug|x86.Build.0 = Debug|Win32
		{6EAA3F9C-A413-4C9F-8412-1C0067C5AF13}.Release|x64.ActiveCfg = Release|x64
		{6EAA3F9C-A413-4C9F-8412-1C0067C5AF13}.Release|x64.Build.0 = Release|x64
		{6EAA3F9C-A413-4C9F-8412-1C0067C5AF13}.Release|x86.ActiveCfg = Release|Win32
		{6EAA3F9C-A413-4C9F-8412-1C0067C5AF13}.Release|x86.Build.0 = Release|Win32
		{EBA2DC6F-9B68-4580-B1BA-42D3CA4F8113}.Debug|x64.ActiveCfg = Debug|x64
		{EBA2DC6F-9B68-4580-B1BA-42D3CA4F8113}.Debug|x64.Build.0 = Debug|x64
		{EBA2DC6F-9B68-4580-B1BA-42D3CA4F8113}.Debug|x86.ActiveCfg = Debug|Win32
		{EBA2DC6F-9B68-4580-B1BA-42D3CA4F8113}.Debug|x86.Build.0 = Debug|Win32
		{EBA2DC6F-9B68-4580-B1BA-42D3CA4F8113}.Release|x64.ActiveCfg = Release|x64
		{EBA2DC6F-9B68-4580-B1BA-42D3CA4F8113}.Release|x64.Build.0 = Release|x64
		{EBA2DC6F-9B68-4580-B1BA-42D3CA4F8113}.Release|x86.ActiveCfg = Release|Win32
		{EBA2DC6F-9B68-4580-B1BA-42D3CA4F8113}.Release|x86.Build.0 = Release|Win32
		{CFCE3B9E-FB65-4457-A542-406C76E5F388}.Debug|x64.ActiveCfg = Debug|x64
		{CFCE3B9E-FB65-4457-A542-406C76E5F388}.Debug|x64.Build.0 = Debug|x64
		{CFCE3B9E-FB65-4457-A542-406C76E5F388}.Debug|x86.ActiveCfg = Debug|Win32
		{CFCE3B9E-FB65-4457-A542-406C76E5F388}.Debug|x86.Build.0 = Debug|Win32
		{CFCE3B9E-FB65-4457-A542-406C76E5F388}.Release|x64.ActiveCfg = Release|x64
		{CFCE3B9E-FB65-4457-A542-406C76E5F388}.Release|x64.Build.0 = Release|x64
		{CFCE3B9E-FB65-4457-A542-406C76E5F388}.Release|x86.ActiveCfg = Release|Win32
		{CFCE3B9E-FB65-4457-A542-406C76E5F388}.Release|x86.Build.0 = Release|Win32
		{2BFBF562-ECCA-4930-95B1-10E9B75F4333}.Debug|x64.ActiveCfg = Debug|x64
		{2BFBF562-ECCA-4930-95B1-10E9B75F4333}.Debug|x64.Build.0 = Debug|x64
		{2BFBF562-ECCA-4930-95B1-10E9B75F4333}.Debug|x86.ActiveCfg = Debug|Win32
		{2BFBF562-ECCA-4930-95B1-10E9B75F4333}.Debug|x86.Build.0 = Debug|Win32
		{2BFBF562-ECCA-4930-95B1-10E9B75F4333}.Release|x64.ActiveCfg = Release|x64
		{2BFBF562-ECCA-4930-95B1-10E9B75F4333}.Release|x64.Build.0 = Release|x64
		{2BFBF562-ECCA-4930-95B1-10E9B75F4333}.Release|x86.ActiveCfg = Release|Win32
		{2BFBF562-ECCA-4930-95B1-10E9B75F4333}.Release|x86.Build.0 = Release|Win32
		{E6AA8F6A-C6DE-46E7-8C64-917366AC08F9}.Debug|x64.ActiveCfg = Debug|x64
		{E6AA8F6A-C6DE-46E7-8C64-917366AC08F9}.Debug|x64.Build.0 = Debug|x64
		{E6AA8F6A-C6DE-46E7-8C64-917366AC08F9}.Debug|x86.ActiveCfg = Debug|Win32
		{E6AA8F6A-C6DE-46E7-8C64-917366AC08F9}.Debug|x86.Build.0 = Debug|Win32
		{E6AA8F6A-C6DE-46E7-8C64-917366AC08F9}.Release|x64.ActiveCfg = Release|x64
		{E6AA8F6A-C6DE-46E7-8C64-917366AC08F9}.Release|x64.Build.0 = Release|x64
		{E6AA8F6A-C6DE-46E7-8C64-917366AC08F9}.Release|x86.ActiveCfg = Release|Win32
		{E6AA8F6A-C6DE-46E7-8C64-917366AC08F9}.Release|x86.Build.0 = Release|Win32
		{FE9B0FCB-4E08-443F-A254-F0C64D7D396D}.Debug|x64.ActiveCfg = Debug|x64
		{FE9B0FCB-4E08-443F-A254-F0C64D7D396D}.Debug|x64.Build.0 = Debug|x64
		{FE9B0FCB-4E08-443F-A254-F0C64D7D396D}.Debug|x86.ActiveCfg = Debug|Win32
		{FE9B0FCB-4E08-443F-A254-F0C64D7D396D}.Debug|x86.Build.0 = Debug|Win32
		{FE9B0FCB-4E08-443F-A254-F0C64D7D396D}.Release|x64.ActiveCfg = Release|x64
		{FE9B0FCB-4E08-443F-A254-F0C64D7D396D}.Release|x64.Build.0 = Release|x64
		{FE9B0FCB-4E08-443F-A254-F0C64D7D396D}.Release|x86.ActiveCfg = Release|Win32
		{FE9B0FCB-4E08-443F-A254-F0C64D7D396D}.Release|x86.Build.0 = Release|Win32
		{06E292FB-7B15-43D6-B3FE-8021F236AC0F}.Debug|x64.ActiveCfg = Debug|x64
		{06E292FB-7B15-43D6-B3FE-8021F236AC0F}.Debug|x64.Build.0 = Debug|x64
		{06E292FB-7B15-43D6-B3FE-8021F236AC0F}.Debug|x86.ActiveCfg = Debug|Win32
		{06E292FB-7B15-43D6-B3FE-8021F236AC0F}.Debug|x86.Build.0 = Debug|Win32
		{06E292FB-7B15-43D6-B3FE-8021F236AC0F}.Release|x64.ActiveCfg = Release|x64
		{06E292FB-7B15-43D6-B3FE-8021F236AC0F}.Release|x64.Build.0 = Release|x64
		{06E292FB-7B15-43D6-B3FE-8021F236AC0F}.Release|x86.ActiveCfg = Release|Win32
		{06E292FB-7B15-43D6-B3FE-8021F236AC0F}.Release|x86.Build.0 = Release|Win32
	EndGlobalSection
	GlobalSection(SolutionProperties) = preSolution
		HideSolutionNode = FALSE
	EndGlobalSection
	GlobalSection(ExtensibilityGlobals) = postSolution
		SolutionGuid = {0F8F5844-B031-404D-93F8-06C44487FDC4}
	EndGlobalSection
EndGlobal
