
Microsoft Visual Studio Solution File, Format Version 12.00
# Visual Studio 15
VisualStudioVersion = 15.0.28010.2041
MinimumVisualStudioVersion = 10.0.40219.1
Project("{8BC9CEB8-8B4A-11D0-8D11-00A0C91BC942}") = "Aula1810_condicionais", "Aula1810_condicionais\Aula1810_condicionais.vcxproj", "{0B926FB2-4D67-468E-ACCD-3760C1D077F9}"
EndProject
Project("{8BC9CEB8-8B4A-11D0-8D11-00A0C91BC942}") = "aula2510_repeticoes", "aula2510\aula2510.vcxproj", "{D247CF72-3A16-4148-BBB1-77C2CC2FB191}"
EndProject
Project("{8BC9CEB8-8B4A-11D0-8D11-00A0C91BC942}") = "Aula copel", "Aula copel\Aula copel.vcxproj", "{AB3717DA-BC53-4D95-BEF7-458202C3968D}"
EndProject
Project("{8BC9CEB8-8B4A-11D0-8D11-00A0C91BC942}") = "Aula0811_ponteiros", "Aula0811_ponteiros\Aula0811_ponteiros.vcxproj", "{90A9DD87-DE6C-4CAB-95F0-9B58C43902F5}"
EndProject
Project("{8BC9CEB8-8B4A-11D0-8D11-00A0C91BC942}") = "prova_atividade26", "Atividade\Atividade.vcxproj", "{A7E03CC2-581C-47F1-949E-CB5EDB7CF54E}"
EndProject
Project("{8BC9CEB8-8B4A-11D0-8D11-00A0C91BC942}") = "prova_atividade24", "prova_atividade24\prova_atividade24.vcxproj", "{AE7CE18A-4341-44F7-9CBE-AB52B62A5C78}"
EndProject
Project("{8BC9CEB8-8B4A-11D0-8D11-00A0C91BC942}") = "atividade 23", "atividade 23\atividade 23.vcxproj", "{364B687E-73A4-4545-8797-A1DDBBAFE843}"
EndProject
Project("{8BC9CEB8-8B4A-11D0-8D11-00A0C91BC942}") = "prova_atividade25", "prova_atividade25\prova_atividade25.vcxproj", "{25208D09-500B-497B-BBE3-9ACEBA9383E1}"
EndProject
Project("{8BC9CEB8-8B4A-11D0-8D11-00A0C91BC942}") = "prova_atividade 28", "prova_atividade 28\prova_atividade 28.vcxproj", "{3BF421EB-4CAF-4287-B322-031E69AFB5D8}"
EndProject
Project("{8BC9CEB8-8B4A-11D0-8D11-00A0C91BC942}") = "aula_1311", "aula_1311\aula_1311.vcxproj", "{7303DE8B-2CA5-4612-ABCB-BC850EA03B83}"
EndProject
Project("{8BC9CEB8-8B4A-11D0-8D11-00A0C91BC942}") = "aula2011_recursivo", "aula2011_recursivo\aula2011_recursivo.vcxproj", "{DC9FA6BD-975C-41F2-A18C-14F70831BBB0}"
EndProject
Project("{8BC9CEB8-8B4A-11D0-8D11-00A0C91BC942}") = "atividade 5", "atividade 5\atividade 5.vcxproj", "{DC1B5DCF-8E7B-4B5D-A039-A6843B46FFD2}"
EndProject
Global
	GlobalSection(SolutionConfigurationPlatforms) = preSolution
		Debug|x64 = Debug|x64
		Debug|x86 = Debug|x86
		Release|x64 = Release|x64
		Release|x86 = Release|x86
	EndGlobalSection
	GlobalSection(ProjectConfigurationPlatforms) = postSolution
		{0B926FB2-4D67-468E-ACCD-3760C1D077F9}.Debug|x64.ActiveCfg = Debug|x64
		{0B926FB2-4D67-468E-ACCD-3760C1D077F9}.Debug|x64.Build.0 = Debug|x64
		{0B926FB2-4D67-468E-ACCD-3760C1D077F9}.Debug|x86.ActiveCfg = Debug|Win32
		{0B926FB2-4D67-468E-ACCD-3760C1D077F9}.Debug|x86.Build.0 = Debug|Win32
		{0B926FB2-4D67-468E-ACCD-3760C1D077F9}.Release|x64.ActiveCfg = Release|x64
		{0B926FB2-4D67-468E-ACCD-3760C1D077F9}.Release|x64.Build.0 = Release|x64
		{0B926FB2-4D67-468E-ACCD-3760C1D077F9}.Release|x86.ActiveCfg = Release|Win32
		{0B926FB2-4D67-468E-ACCD-3760C1D077F9}.Release|x86.Build.0 = Release|Win32
		{D247CF72-3A16-4148-BBB1-77C2CC2FB191}.Debug|x64.ActiveCfg = Debug|x64
		{D247CF72-3A16-4148-BBB1-77C2CC2FB191}.Debug|x64.Build.0 = Debug|x64
		{D247CF72-3A16-4148-BBB1-77C2CC2FB191}.Debug|x86.ActiveCfg = Debug|Win32
		{D247CF72-3A16-4148-BBB1-77C2CC2FB191}.Debug|x86.Build.0 = Debug|Win32
		{D247CF72-3A16-4148-BBB1-77C2CC2FB191}.Release|x64.ActiveCfg = Release|x64
		{D247CF72-3A16-4148-BBB1-77C2CC2FB191}.Release|x64.Build.0 = Release|x64
		{D247CF72-3A16-4148-BBB1-77C2CC2FB191}.Release|x86.ActiveCfg = Release|Win32
		{D247CF72-3A16-4148-BBB1-77C2CC2FB191}.Release|x86.Build.0 = Release|Win32
		{AB3717DA-BC53-4D95-BEF7-458202C3968D}.Debug|x64.ActiveCfg = Debug|x64
		{AB3717DA-BC53-4D95-BEF7-458202C3968D}.Debug|x64.Build.0 = Debug|x64
		{AB3717DA-BC53-4D95-BEF7-458202C3968D}.Debug|x86.ActiveCfg = Debug|Win32
		{AB3717DA-BC53-4D95-BEF7-458202C3968D}.Debug|x86.Build.0 = Debug|Win32
		{AB3717DA-BC53-4D95-BEF7-458202C3968D}.Release|x64.ActiveCfg = Release|x64
		{AB3717DA-BC53-4D95-BEF7-458202C3968D}.Release|x64.Build.0 = Release|x64
		{AB3717DA-BC53-4D95-BEF7-458202C3968D}.Release|x86.ActiveCfg = Release|Win32
		{AB3717DA-BC53-4D95-BEF7-458202C3968D}.Release|x86.Build.0 = Release|Win32
		{90A9DD87-DE6C-4CAB-95F0-9B58C43902F5}.Debug|x64.ActiveCfg = Debug|x64
		{90A9DD87-DE6C-4CAB-95F0-9B58C43902F5}.Debug|x64.Build.0 = Debug|x64
		{90A9DD87-DE6C-4CAB-95F0-9B58C43902F5}.Debug|x86.ActiveCfg = Debug|Win32
		{90A9DD87-DE6C-4CAB-95F0-9B58C43902F5}.Debug|x86.Build.0 = Debug|Win32
		{90A9DD87-DE6C-4CAB-95F0-9B58C43902F5}.Release|x64.ActiveCfg = Release|x64
		{90A9DD87-DE6C-4CAB-95F0-9B58C43902F5}.Release|x64.Build.0 = Release|x64
		{90A9DD87-DE6C-4CAB-95F0-9B58C43902F5}.Release|x86.ActiveCfg = Release|Win32
		{90A9DD87-DE6C-4CAB-95F0-9B58C43902F5}.Release|x86.Build.0 = Release|Win32
		{A7E03CC2-581C-47F1-949E-CB5EDB7CF54E}.Debug|x64.ActiveCfg = Debug|x64
		{A7E03CC2-581C-47F1-949E-CB5EDB7CF54E}.Debug|x64.Build.0 = Debug|x64
		{A7E03CC2-581C-47F1-949E-CB5EDB7CF54E}.Debug|x86.ActiveCfg = Debug|Win32
		{A7E03CC2-581C-47F1-949E-CB5EDB7CF54E}.Debug|x86.Build.0 = Debug|Win32
		{A7E03CC2-581C-47F1-949E-CB5EDB7CF54E}.Release|x64.ActiveCfg = Release|x64
		{A7E03CC2-581C-47F1-949E-CB5EDB7CF54E}.Release|x64.Build.0 = Release|x64
		{A7E03CC2-581C-47F1-949E-CB5EDB7CF54E}.Release|x86.ActiveCfg = Release|Win32
		{A7E03CC2-581C-47F1-949E-CB5EDB7CF54E}.Release|x86.Build.0 = Release|Win32
		{AE7CE18A-4341-44F7-9CBE-AB52B62A5C78}.Debug|x64.ActiveCfg = Debug|x64
		{AE7CE18A-4341-44F7-9CBE-AB52B62A5C78}.Debug|x64.Build.0 = Debug|x64
		{AE7CE18A-4341-44F7-9CBE-AB52B62A5C78}.Debug|x86.ActiveCfg = Debug|Win32
		{AE7CE18A-4341-44F7-9CBE-AB52B62A5C78}.Debug|x86.Build.0 = Debug|Win32
		{AE7CE18A-4341-44F7-9CBE-AB52B62A5C78}.Release|x64.ActiveCfg = Release|x64
		{AE7CE18A-4341-44F7-9CBE-AB52B62A5C78}.Release|x64.Build.0 = Release|x64
		{AE7CE18A-4341-44F7-9CBE-AB52B62A5C78}.Release|x86.ActiveCfg = Release|Win32
		{AE7CE18A-4341-44F7-9CBE-AB52B62A5C78}.Release|x86.Build.0 = Release|Win32
		{364B687E-73A4-4545-8797-A1DDBBAFE843}.Debug|x64.ActiveCfg = Debug|x64
		{364B687E-73A4-4545-8797-A1DDBBAFE843}.Debug|x64.Build.0 = Debug|x64
		{364B687E-73A4-4545-8797-A1DDBBAFE843}.Debug|x86.ActiveCfg = Debug|Win32
		{364B687E-73A4-4545-8797-A1DDBBAFE843}.Debug|x86.Build.0 = Debug|Win32
		{364B687E-73A4-4545-8797-A1DDBBAFE843}.Release|x64.ActiveCfg = Release|x64
		{364B687E-73A4-4545-8797-A1DDBBAFE843}.Release|x64.Build.0 = Release|x64
		{364B687E-73A4-4545-8797-A1DDBBAFE843}.Release|x86.ActiveCfg = Release|Win32
		{364B687E-73A4-4545-8797-A1DDBBAFE843}.Release|x86.Build.0 = Release|Win32
		{25208D09-500B-497B-BBE3-9ACEBA9383E1}.Debug|x64.ActiveCfg = Debug|x64
		{25208D09-500B-497B-BBE3-9ACEBA9383E1}.Debug|x64.Build.0 = Debug|x64
		{25208D09-500B-497B-BBE3-9ACEBA9383E1}.Debug|x86.ActiveCfg = Debug|Win32
		{25208D09-500B-497B-BBE3-9ACEBA9383E1}.Debug|x86.Build.0 = Debug|Win32
		{25208D09-500B-497B-BBE3-9ACEBA9383E1}.Release|x64.ActiveCfg = Release|x64
		{25208D09-500B-497B-BBE3-9ACEBA9383E1}.Release|x64.Build.0 = Release|x64
		{25208D09-500B-497B-BBE3-9ACEBA9383E1}.Release|x86.ActiveCfg = Release|Win32
		{25208D09-500B-497B-BBE3-9ACEBA9383E1}.Release|x86.Build.0 = Release|Win32
		{3BF421EB-4CAF-4287-B322-031E69AFB5D8}.Debug|x64.ActiveCfg = Debug|x64
		{3BF421EB-4CAF-4287-B322-031E69AFB5D8}.Debug|x64.Build.0 = Debug|x64
		{3BF421EB-4CAF-4287-B322-031E69AFB5D8}.Debug|x86.ActiveCfg = Debug|Win32
		{3BF421EB-4CAF-4287-B322-031E69AFB5D8}.Debug|x86.Build.0 = Debug|Win32
		{3BF421EB-4CAF-4287-B322-031E69AFB5D8}.Release|x64.ActiveCfg = Release|x64
		{3BF421EB-4CAF-4287-B322-031E69AFB5D8}.Release|x64.Build.0 = Release|x64
		{3BF421EB-4CAF-4287-B322-031E69AFB5D8}.Release|x86.ActiveCfg = Release|Win32
		{3BF421EB-4CAF-4287-B322-031E69AFB5D8}.Release|x86.Build.0 = Release|Win32
		{7303DE8B-2CA5-4612-ABCB-BC850EA03B83}.Debug|x64.ActiveCfg = Debug|x64
		{7303DE8B-2CA5-4612-ABCB-BC850EA03B83}.Debug|x64.Build.0 = Debug|x64
		{7303DE8B-2CA5-4612-ABCB-BC850EA03B83}.Debug|x86.ActiveCfg = Debug|Win32
		{7303DE8B-2CA5-4612-ABCB-BC850EA03B83}.Debug|x86.Build.0 = Debug|Win32
		{7303DE8B-2CA5-4612-ABCB-BC850EA03B83}.Release|x64.ActiveCfg = Release|x64
		{7303DE8B-2CA5-4612-ABCB-BC850EA03B83}.Release|x64.Build.0 = Release|x64
		{7303DE8B-2CA5-4612-ABCB-BC850EA03B83}.Release|x86.ActiveCfg = Release|Win32
		{7303DE8B-2CA5-4612-ABCB-BC850EA03B83}.Release|x86.Build.0 = Release|Win32
		{DC9FA6BD-975C-41F2-A18C-14F70831BBB0}.Debug|x64.ActiveCfg = Debug|x64
		{DC9FA6BD-975C-41F2-A18C-14F70831BBB0}.Debug|x64.Build.0 = Debug|x64
		{DC9FA6BD-975C-41F2-A18C-14F70831BBB0}.Debug|x86.ActiveCfg = Debug|Win32
		{DC9FA6BD-975C-41F2-A18C-14F70831BBB0}.Debug|x86.Build.0 = Debug|Win32
		{DC9FA6BD-975C-41F2-A18C-14F70831BBB0}.Release|x64.ActiveCfg = Release|x64
		{DC9FA6BD-975C-41F2-A18C-14F70831BBB0}.Release|x64.Build.0 = Release|x64
		{DC9FA6BD-975C-41F2-A18C-14F70831BBB0}.Release|x86.ActiveCfg = Release|Win32
		{DC9FA6BD-975C-41F2-A18C-14F70831BBB0}.Release|x86.Build.0 = Release|Win32
		{DC1B5DCF-8E7B-4B5D-A039-A6843B46FFD2}.Debug|x64.ActiveCfg = Debug|x64
		{DC1B5DCF-8E7B-4B5D-A039-A6843B46FFD2}.Debug|x64.Build.0 = Debug|x64
		{DC1B5DCF-8E7B-4B5D-A039-A6843B46FFD2}.Debug|x86.ActiveCfg = Debug|Win32
		{DC1B5DCF-8E7B-4B5D-A039-A6843B46FFD2}.Debug|x86.Build.0 = Debug|Win32
		{DC1B5DCF-8E7B-4B5D-A039-A6843B46FFD2}.Release|x64.ActiveCfg = Release|x64
		{DC1B5DCF-8E7B-4B5D-A039-A6843B46FFD2}.Release|x64.Build.0 = Release|x64
		{DC1B5DCF-8E7B-4B5D-A039-A6843B46FFD2}.Release|x86.ActiveCfg = Release|Win32
		{DC1B5DCF-8E7B-4B5D-A039-A6843B46FFD2}.Release|x86.Build.0 = Release|Win32
	EndGlobalSection
	GlobalSection(SolutionProperties) = preSolution
		HideSolutionNode = FALSE
	EndGlobalSection
	GlobalSection(ExtensibilityGlobals) = postSolution
		SolutionGuid = {0F8F5844-B031-404D-93F8-06C44487FDC4}
	EndGlobalSection
EndGlobal
